
Microsoft Visual Studio Solution File, Format Version 12.00
# Visual Studio Version 16
VisualStudioVersion = 16.0.29102.190
MinimumVisualStudioVersion = 10.0.40219.1
Project("{9A19103F-16F7-4668-BE54-9A1E7A4F7556}") = "SpeedrunComSharp.Model", "SpeedrunComSharp.Model\SpeedrunComSharp.Model.csproj", "{197DD74D-868D-4AFF-BF47-B7041BC218A5}"
EndProject
Project("{9A19103F-16F7-4668-BE54-9A1E7A4F7556}") = "SpeedrunComSharp.Client", "SpeedrunComSharp.Client\SpeedrunComSharp.Client.csproj", "{BB0FF483-7FA4-4156-9EB4-46D7FE33933E}"
EndProject
Project("{9A19103F-16F7-4668-BE54-9A1E7A4F7556}") = "SpeedRunCommon", "SpeedRunCommon\SpeedRunCommon.csproj", "{5B83DD81-AF7B-4832-8CDD-7102585DCD00}"
EndProject
Project("{9A19103F-16F7-4668-BE54-9A1E7A4F7556}") = "ConsoleAppTest", "ConsoleAppTest\ConsoleAppTest.csproj", "{FECD2F26-82E4-4128-A004-190B2C6709FA}"
EndProject
Global
	GlobalSection(SolutionConfigurationPlatforms) = preSolution
		Debug|Any CPU = Debug|Any CPU
		Release|Any CPU = Release|Any CPU
	EndGlobalSection
	GlobalSection(ProjectConfigurationPlatforms) = postSolution
		{197DD74D-868D-4AFF-BF47-B7041BC218A5}.Debug|Any CPU.ActiveCfg = Debug|Any CPU
		{197DD74D-868D-4AFF-BF47-B7041BC218A5}.Debug|Any CPU.Build.0 = Debug|Any CPU
		{197DD74D-868D-4AFF-BF47-B7041BC218A5}.Release|Any CPU.ActiveCfg = Release|Any CPU
		{197DD74D-868D-4AFF-BF47-B7041BC218A5}.Release|Any CPU.Build.0 = Release|Any CPU
		{BB0FF483-7FA4-4156-9EB4-46D7FE33933E}.Debug|Any CPU.ActiveCfg = Debug|Any CPU
		{BB0FF483-7FA4-4156-9EB4-46D7FE33933E}.Debug|Any CPU.Build.0 = Debug|Any CPU
		{BB0FF483-7FA4-4156-9EB4-46D7FE33933E}.Release|Any CPU.ActiveCfg = Release|Any CPU
		{BB0FF483-7FA4-4156-9EB4-46D7FE33933E}.Release|Any CPU.Build.0 = Release|Any CPU
		{5B83DD81-AF7B-4832-8CDD-7102585DCD00}.Debug|Any CPU.ActiveCfg = Debug|Any CPU
		{5B83DD81-AF7B-4832-8CDD-7102585DCD00}.Debug|Any CPU.Build.0 = Debug|Any CPU
		{5B83DD81-AF7B-4832-8CDD-7102585DCD00}.Release|Any CPU.ActiveCfg = Release|Any CPU
		{5B83DD81-AF7B-4832-8CDD-7102585DCD00}.Release|Any CPU.Build.0 = Release|Any CPU
		{FECD2F26-82E4-4128-A004-190B2C6709FA}.Debug|Any CPU.ActiveCfg = Debug|Any CPU
		{FECD2F26-82E4-4128-A004-190B2C6709FA}.Debug|Any CPU.Build.0 = Debug|Any CPU
		{FECD2F26-82E4-4128-A004-190B2C6709FA}.Release|Any CPU.ActiveCfg = Release|Any CPU
		{FECD2F26-82E4-4128-A004-190B2C6709FA}.Release|Any CPU.Build.0 = Release|Any CPU
	EndGlobalSection
	GlobalSection(SolutionProperties) = preSolution
		HideSolutionNode = FALSE
	EndGlobalSection
	GlobalSection(ExtensibilityGlobals) = postSolution
		SolutionGuid = {B6305A92-712D-4D5E-AE30-15BC22DCB308}
	EndGlobalSection
EndGlobal
