
Microsoft Visual Studio Solution File, Format Version 12.00
# Visual Studio Version 16
VisualStudioVersion = 16.0.29102.190
MinimumVisualStudioVersion = 10.0.40219.1
Project("{9A19103F-16F7-4668-BE54-9A1E7A4F7556}") = "SpeedRunApp.WebUI", "SpeedRunApp\SpeedRunApp.WebUI.csproj", "{5DAD8F8B-57F8-4D26-82E1-3A10D811D8F5}"
EndProject
Project("{9A19103F-16F7-4668-BE54-9A1E7A4F7556}") = "SpeedrunComSharp.Model", "..\SpeedrunComSharp\SpeedrunComSharp.Model\SpeedrunComSharp.Model.csproj", "{14CF0E6C-2821-4BCA-AC4F-6F9EE68F314C}"
EndProject
Project("{9A19103F-16F7-4668-BE54-9A1E7A4F7556}") = "SpeedRunApp.Model", "SpeedRunApp.Model\SpeedRunApp.Model.csproj", "{9BEDE8CA-EAB1-46AA-9382-0BB87CFB065F}"
EndProject
Project("{9A19103F-16F7-4668-BE54-9A1E7A4F7556}") = "SpeedRunApp.Service", "SpeedRunApp.Service\SpeedRunApp.Service.csproj", "{8D3373DE-D046-4BAB-AAB1-AEFF74B716D2}"
EndProject
Project("{9A19103F-16F7-4668-BE54-9A1E7A4F7556}") = "SpeedrunComSharp.Client", "..\SpeedrunComSharp\SpeedrunComSharp.Client\SpeedrunComSharp.Client.csproj", "{F7DFDDED-92D4-4FBF-9B58-E2734CC77FA5}"
EndProject
Project("{9A19103F-16F7-4668-BE54-9A1E7A4F7556}") = "SpeedRunCommon", "..\SpeedRunCommon\SpeedRunCommon.csproj", "{3FDFE25A-84DD-4C59-B50F-32F998D1C8F3}"
EndProject
Global
	GlobalSection(SolutionConfigurationPlatforms) = preSolution
		Debug with API Calls|Any CPU = Debug with API Calls|Any CPU
		Debug|Any CPU = Debug|Any CPU
		Release|Any CPU = Release|Any CPU
	EndGlobalSection
	GlobalSection(ProjectConfigurationPlatforms) = postSolution
		{5DAD8F8B-57F8-4D26-82E1-3A10D811D8F5}.Debug with API Calls|Any CPU.ActiveCfg = Debug|Any CPU
		{5DAD8F8B-57F8-4D26-82E1-3A10D811D8F5}.Debug with API Calls|Any CPU.Build.0 = Debug|Any CPU
		{5DAD8F8B-57F8-4D26-82E1-3A10D811D8F5}.Debug|Any CPU.ActiveCfg = Debug|Any CPU
		{5DAD8F8B-57F8-4D26-82E1-3A10D811D8F5}.Debug|Any CPU.Build.0 = Debug|Any CPU
		{5DAD8F8B-57F8-4D26-82E1-3A10D811D8F5}.Release|Any CPU.ActiveCfg = Release|Any CPU
		{5DAD8F8B-57F8-4D26-82E1-3A10D811D8F5}.Release|Any CPU.Build.0 = Release|Any CPU
		{14CF0E6C-2821-4BCA-AC4F-6F9EE68F314C}.Debug with API Calls|Any CPU.ActiveCfg = Debug|Any CPU
		{14CF0E6C-2821-4BCA-AC4F-6F9EE68F314C}.Debug with API Calls|Any CPU.Build.0 = Debug|Any CPU
		{14CF0E6C-2821-4BCA-AC4F-6F9EE68F314C}.Debug|Any CPU.ActiveCfg = Debug|Any CPU
		{14CF0E6C-2821-4BCA-AC4F-6F9EE68F314C}.Debug|Any CPU.Build.0 = Debug|Any CPU
		{14CF0E6C-2821-4BCA-AC4F-6F9EE68F314C}.Release|Any CPU.ActiveCfg = Release|Any CPU
		{14CF0E6C-2821-4BCA-AC4F-6F9EE68F314C}.Release|Any CPU.Build.0 = Release|Any CPU
		{9BEDE8CA-EAB1-46AA-9382-0BB87CFB065F}.Debug with API Calls|Any CPU.ActiveCfg = Debug|Any CPU
		{9BEDE8CA-EAB1-46AA-9382-0BB87CFB065F}.Debug with API Calls|Any CPU.Build.0 = Debug|Any CPU
		{9BEDE8CA-EAB1-46AA-9382-0BB87CFB065F}.Debug|Any CPU.ActiveCfg = Debug|Any CPU
		{9BEDE8CA-EAB1-46AA-9382-0BB87CFB065F}.Debug|Any CPU.Build.0 = Debug|Any CPU
		{9BEDE8CA-EAB1-46AA-9382-0BB87CFB065F}.Release|Any CPU.ActiveCfg = Release|Any CPU
		{9BEDE8CA-EAB1-46AA-9382-0BB87CFB065F}.Release|Any CPU.Build.0 = Release|Any CPU
		{8D3373DE-D046-4BAB-AAB1-AEFF74B716D2}.Debug with API Calls|Any CPU.ActiveCfg = Debug|Any CPU
		{8D3373DE-D046-4BAB-AAB1-AEFF74B716D2}.Debug with API Calls|Any CPU.Build.0 = Debug|Any CPU
		{8D3373DE-D046-4BAB-AAB1-AEFF74B716D2}.Debug|Any CPU.ActiveCfg = Debug|Any CPU
		{8D3373DE-D046-4BAB-AAB1-AEFF74B716D2}.Debug|Any CPU.Build.0 = Debug|Any CPU
		{8D3373DE-D046-4BAB-AAB1-AEFF74B716D2}.Release|Any CPU.ActiveCfg = Release|Any CPU
		{8D3373DE-D046-4BAB-AAB1-AEFF74B716D2}.Release|Any CPU.Build.0 = Release|Any CPU
		{F7DFDDED-92D4-4FBF-9B58-E2734CC77FA5}.Debug with API Calls|Any CPU.ActiveCfg = Debug|Any CPU
		{F7DFDDED-92D4-4FBF-9B58-E2734CC77FA5}.Debug with API Calls|Any CPU.Build.0 = Debug|Any CPU
		{F7DFDDED-92D4-4FBF-9B58-E2734CC77FA5}.Debug|Any CPU.ActiveCfg = Debug|Any CPU
		{F7DFDDED-92D4-4FBF-9B58-E2734CC77FA5}.Debug|Any CPU.Build.0 = Debug|Any CPU
		{F7DFDDED-92D4-4FBF-9B58-E2734CC77FA5}.Release|Any CPU.ActiveCfg = Release|Any CPU
		{F7DFDDED-92D4-4FBF-9B58-E2734CC77FA5}.Release|Any CPU.Build.0 = Release|Any CPU
		{3FDFE25A-84DD-4C59-B50F-32F998D1C8F3}.Debug with API Calls|Any CPU.ActiveCfg = Debug|Any CPU
		{3FDFE25A-84DD-4C59-B50F-32F998D1C8F3}.Debug with API Calls|Any CPU.Build.0 = Debug|Any CPU
		{3FDFE25A-84DD-4C59-B50F-32F998D1C8F3}.Debug|Any CPU.ActiveCfg = Debug|Any CPU
		{3FDFE25A-84DD-4C59-B50F-32F998D1C8F3}.Debug|Any CPU.Build.0 = Debug|Any CPU
		{3FDFE25A-84DD-4C59-B50F-32F998D1C8F3}.Release|Any CPU.ActiveCfg = Release|Any CPU
		{3FDFE25A-84DD-4C59-B50F-32F998D1C8F3}.Release|Any CPU.Build.0 = Release|Any CPU
	EndGlobalSection
	GlobalSection(SolutionProperties) = preSolution
		HideSolutionNode = FALSE
	EndGlobalSection
	GlobalSection(ExtensibilityGlobals) = postSolution
		SolutionGuid = {76DF641C-D563-4FC5-9F7A-26B172598800}
	EndGlobalSection
EndGlobal
